
Microsoft Visual Studio Solution File, Format Version 12.00
# Visual Studio Version 17
VisualStudioVersion = 17.8.34525.116
MinimumVisualStudioVersion = 10.0.40219.1
Project("{8BC9CEB8-8B4A-11D0-8D11-00A0C91BC942}") = "HW01", "HW01.vcxproj", "{B4EF2BC5-C881-4771-ACEA-4F74362A9E57}"
EndProject
Global
	GlobalSection(SolutionConfigurationPlatforms) = preSolution
		Debug|x64 = Debug|x64
		Debug|x86 = Debug|x86
		Release|x64 = Release|x64
		Release|x86 = Release|x86
	EndGlobalSection
	GlobalSection(ProjectConfigurationPlatforms) = postSolution
		{B4EF2BC5-C881-4771-ACEA-4F74362A9E57}.Debug|x64.ActiveCfg = Debug|x64
		{B4EF2BC5-C881-4771-ACEA-4F74362A9E57}.Debug|x64.Build.0 = Debug|x64
		{B4EF2BC5-C881-4771-ACEA-4F74362A9E57}.Debug|x86.ActiveCfg = Debug|Win32
		{B4EF2BC5-C881-4771-ACEA-4F74362A9E57}.Debug|x86.Build.0 = Debug|Win32
		{B4EF2BC5-C881-4771-ACEA-4F74362A9E57}.Release|x64.ActiveCfg = Release|x64
		{B4EF2BC5-C881-4771-ACEA-4F74362A9E57}.Release|x64.Build.0 = Release|x64
		{B4EF2BC5-C881-4771-ACEA-4F74362A9E57}.Release|x86.ActiveCfg = Release|Win32
		{B4EF2BC5-C881-4771-ACEA-4F74362A9E57}.Release|x86.Build.0 = Release|Win32
	EndGlobalSection
	GlobalSection(SolutionProperties) = preSolution
		HideSolutionNode = FALSE
	EndGlobalSection
	GlobalSection(ExtensibilityGlobals) = postSolution
		SolutionGuid = {8DC56341-1B23-4742-B38B-E3CEE0806C9B}
	EndGlobalSection
EndGlobal
